
Microsoft Visual Studio Solution File, Format Version 12.00
# Visual Studio Version 16
VisualStudioVersion = 16.0.31321.278
MinimumVisualStudioVersion = 10.0.40219.1
Project("{8BC9CEB8-8B4A-11D0-8D11-00A0C91BC942}") = "client", "client.vcxproj", "{A6CF1EC0-FD7C-420B-B77B-8870FA4A5BCE}"
EndProject
Global
	GlobalSection(SolutionConfigurationPlatforms) = preSolution
		Debug|x64 = Debug|x64
		Debug|x86 = Debug|x86
		Release|x64 = Release|x64
		Release|x86 = Release|x86
	EndGlobalSection
	GlobalSection(ProjectConfigurationPlatforms) = postSolution
		{A6CF1EC0-FD7C-420B-B77B-8870FA4A5BCE}.Debug|x64.ActiveCfg = Debug|x64
		{A6CF1EC0-FD7C-420B-B77B-8870FA4A5BCE}.Debug|x64.Build.0 = Debug|x64
		{A6CF1EC0-FD7C-420B-B77B-8870FA4A5BCE}.Debug|x86.ActiveCfg = Debug|Win32
		{A6CF1EC0-FD7C-420B-B77B-8870FA4A5BCE}.Debug|x86.Build.0 = Debug|Win32
		{A6CF1EC0-FD7C-420B-B77B-8870FA4A5BCE}.Release|x64.ActiveCfg = Release|x64
		{A6CF1EC0-FD7C-420B-B77B-8870FA4A5BCE}.Release|x64.Build.0 = Release|x64
		{A6CF1EC0-FD7C-420B-B77B-8870FA4A5BCE}.Release|x86.ActiveCfg = Release|Win32
		{A6CF1EC0-FD7C-420B-B77B-8870FA4A5BCE}.Release|x86.Build.0 = Release|Win32
	EndGlobalSection
	GlobalSection(SolutionProperties) = preSolution
		HideSolutionNode = FALSE
	EndGlobalSection
	GlobalSection(ExtensibilityGlobals) = postSolution
		SolutionGuid = {D0671B93-00E2-40AC-A53C-B2233042AE70}
	EndGlobalSection
EndGlobal
